// !$*UTF8*$!
{
	archiveVersion = 1;
	classes = {
	};
	objectVersion = 46;
	objects = {

/* Begin PBXBuildFile section */
		F1E446E61D6566AE00363D72 /* AppDelegate.swift in Sources */ = {isa = PBXBuildFile; fileRef = F1E446E51D6566AE00363D72 /* AppDelegate.swift */; };
		F1E446E81D6566AE00363D72 /* ViewController.swift in Sources */ = {isa = PBXBuildFile; fileRef = F1E446E71D6566AE00363D72 /* ViewController.swift */; };
		F1E446EB1D6566AE00363D72 /* Main.storyboard in Resources */ = {isa = PBXBuildFile; fileRef = F1E446E91D6566AE00363D72 /* Main.storyboard */; };
		F1E446ED1D6566AE00363D72 /* Assets.xcassets in Resources */ = {isa = PBXBuildFile; fileRef = F1E446EC1D6566AE00363D72 /* Assets.xcassets */; };
		F1E446F01D6566AE00363D72 /* LaunchScreen.storyboard in Resources */ = {isa = PBXBuildFile; fileRef = F1E446EE1D6566AE00363D72 /* LaunchScreen.storyboard */; };
		F1E446FB1D6566AE00363D72 /* jawboneTests.swift in Sources */ = {isa = PBXBuildFile; fileRef = F1E446FA1D6566AE00363D72 /* jawboneTests.swift */; };
		F1E447061D6566AE00363D72 /* jawboneUITests.swift in Sources */ = {isa = PBXBuildFile; fileRef = F1E447051D6566AE00363D72 /* jawboneUITests.swift */; };
/* End PBXBuildFile section */

/* Begin PBXContainerItemProxy section */
		F1E446F71D6566AE00363D72 /* PBXContainerItemProxy */ = {
			isa = PBXContainerItemProxy;
			containerPortal = F1E446DA1D6566AE00363D72 /* Project object */;
			proxyType = 1;
			remoteGlobalIDString = F1E446E11D6566AE00363D72;
			remoteInfo = jawbone;
		};
		F1E447021D6566AE00363D72 /* PBXContainerItemProxy */ = {
			isa = PBXContainerItemProxy;
			containerPortal = F1E446DA1D6566AE00363D72 /* Project object */;
			proxyType = 1;
			remoteGlobalIDString = F1E446E11D6566AE00363D72;
			remoteInfo = jawbone;
		};
/* End PBXContainerItemProxy section */

/* Begin PBXFileReference section */
		F1E446E21D6566AE00363D72 /* jawbone.app */ = {isa = PBXFileReference; explicitFileType = wrapper.application; includeInIndex = 0; path = jawbone.app; sourceTree = BUILT_PRODUCTS_DIR; };
		F1E446E51D6566AE00363D72 /* AppDelegate.swift */ = {isa = PBXFileReference; lastKnownFileType = sourcecode.swift; path = AppDelegate.swift; sourceTree = "<group>"; };
		F1E446E71D6566AE00363D72 /* ViewController.swift */ = {isa = PBXFileReference; lastKnownFileType = sourcecode.swift; path = ViewController.swift; sourceTree = "<group>"; };
		F1E446EA1D6566AE00363D72 /* Base */ = {isa = PBXFileReference; lastKnownFileType = file.storyboard; name = Base; path = Base.lproj/Main.storyboard; sourceTree = "<group>"; };
		F1E446EC1D6566AE00363D72 /* Assets.xcassets */ = {isa = PBXFileReference; lastKnownFileType = folder.assetcatalog; path = Assets.xcassets; sourceTree = "<group>"; };
		F1E446EF1D6566AE00363D72 /* Base */ = {isa = PBXFileReference; lastKnownFileType = file.storyboard; name = Base; path = Base.lproj/LaunchScreen.storyboard; sourceTree = "<group>"; };
		F1E446F11D6566AE00363D72 /* Info.plist */ = {isa = PBXFileReference; lastKnownFileType = text.plist.xml; path = Info.plist; sourceTree = "<group>"; };
		F1E446F61D6566AE00363D72 /* jawboneTests.xctest */ = {isa = PBXFileReference; explicitFileType = wrapper.cfbundle; includeInIndex = 0; path = jawboneTests.xctest; sourceTree = BUILT_PRODUCTS_DIR; };
		F1E446FA1D6566AE00363D72 /* jawboneTests.swift */ = {isa = PBXFileReference; lastKnownFileType = sourcecode.swift; path = jawboneTests.swift; sourceTree = "<group>"; };
		F1E446FC1D6566AE00363D72 /* Info.plist */ = {isa = PBXFileReference; lastKnownFileType = text.plist.xml; path = Info.plist; sourceTree = "<group>"; };
		F1E447011D6566AE00363D72 /* jawboneUITests.xctest */ = {isa = PBXFileReference; explicitFileType = wrapper.cfbundle; includeInIndex = 0; path = jawboneUITests.xctest; sourceTree = BUILT_PRODUCTS_DIR; };
		F1E447051D6566AE00363D72 /* jawboneUITests.swift */ = {isa = PBXFileReference; lastKnownFileType = sourcecode.swift; path = jawboneUITests.swift; sourceTree = "<group>"; };
		F1E447071D6566AE00363D72 /* Info.plist */ = {isa = PBXFileReference; lastKnownFileType = text.plist.xml; path = Info.plist; sourceTree = "<group>"; };
/* End PBXFileReference section */

/* Begin PBXFrameworksBuildPhase section */
		F1E446DF1D6566AE00363D72 /* Frameworks */ = {
			isa = PBXFrameworksBuildPhase;
			buildActionMask = 2147483647;
			files = (
			);
			runOnlyForDeploymentPostprocessing = 0;
		};
		F1E446F31D6566AE00363D72 /* Frameworks */ = {
			isa = PBXFrameworksBuildPhase;
			buildActionMask = 2147483647;
			files = (
			);
			runOnlyForDeploymentPostprocessing = 0;
		};
		F1E446FE1D6566AE00363D72 /* Frameworks */ = {
			isa = PBXFrameworksBuildPhase;
			buildActionMask = 2147483647;
			files = (
			);
			runOnlyForDeploymentPostprocessing = 0;
		};
/* End PBXFrameworksBuildPhase section */

/* Begin PBXGroup section */
		F1E446D91D6566AE00363D72 = {
			isa = PBXGroup;
			children = (
				F1E446E41D6566AE00363D72 /* jawbone */,
				F1E446F91D6566AE00363D72 /* jawboneTests */,
				F1E447041D6566AE00363D72 /* jawboneUITests */,
				F1E446E31D6566AE00363D72 /* Products */,
			);
			sourceTree = "<group>";
		};
		F1E446E31D6566AE00363D72 /* Products */ = {
			isa = PBXGroup;
			children = (
				F1E446E21D6566AE00363D72 /* jawbone.app */,
				F1E446F61D6566AE00363D72 /* jawboneTests.xctest */,
				F1E447011D6566AE00363D72 /* jawboneUITests.xctest */,
			);
			name = Products;
			sourceTree = "<group>";
		};
		F1E446E41D6566AE00363D72 /* jawbone */ = {
			isa = PBXGroup;
			children = (
				F1E446E51D6566AE00363D72 /* AppDelegate.swift */,
				F1E446E71D6566AE00363D72 /* ViewController.swift */,
				F1E446E91D6566AE00363D72 /* Main.storyboard */,
				F1E446EC1D6566AE00363D72 /* Assets.xcassets */,
				F1E446EE1D6566AE00363D72 /* LaunchScreen.storyboard */,
				F1E446F11D6566AE00363D72 /* Info.plist */,
			);
			path = jawbone;
			sourceTree = "<group>";
		};
		F1E446F91D6566AE00363D72 /* jawboneTests */ = {
			isa = PBXGroup;
			children = (
				F1E446FA1D6566AE00363D72 /* jawboneTests.swift */,
				F1E446FC1D6566AE00363D72 /* Info.plist */,
			);
			path = jawboneTests;
			sourceTree = "<group>";
		};
		F1E447041D6566AE00363D72 /* jawboneUITests */ = {
			isa = PBXGroup;
			children = (
				F1E447051D6566AE00363D72 /* jawboneUITests.swift */,
				F1E447071D6566AE00363D72 /* Info.plist */,
			);
			path = jawboneUITests;
			sourceTree = "<group>";
		};
/* End PBXGroup section */

/* Begin PBXNativeTarget section */
		F1E446E11D6566AE00363D72 /* jawbone */ = {
			isa = PBXNativeTarget;
			buildConfigurationList = F1E4470A1D6566AE00363D72 /* Build configuration list for PBXNativeTarget "jawbone" */;
			buildPhases = (
				F1E446DE1D6566AE00363D72 /* Sources */,
				F1E446DF1D6566AE00363D72 /* Frameworks */,
				F1E446E01D6566AE00363D72 /* Resources */,
			);
			buildRules = (
			);
			dependencies = (
			);
			name = jawbone;
			productName = jawbone;
			productReference = F1E446E21D6566AE00363D72 /* jawbone.app */;
			productType = "com.apple.product-type.application";
		};
		F1E446F51D6566AE00363D72 /* jawboneTests */ = {
			isa = PBXNativeTarget;
			buildConfigurationList = F1E4470D1D6566AE00363D72 /* Build configuration list for PBXNativeTarget "jawboneTests" */;
			buildPhases = (
				F1E446F21D6566AE00363D72 /* Sources */,
				F1E446F31D6566AE00363D72 /* Frameworks */,
				F1E446F41D6566AE00363D72 /* Resources */,
			);
			buildRules = (
			);
			dependencies = (
				F1E446F81D6566AE00363D72 /* PBXTargetDependency */,
			);
			name = jawboneTests;
			productName = jawboneTests;
			productReference = F1E446F61D6566AE00363D72 /* jawboneTests.xctest */;
			productType = "com.apple.product-type.bundle.unit-test";
		};
		F1E447001D6566AE00363D72 /* jawboneUITests */ = {
			isa = PBXNativeTarget;
			buildConfigurationList = F1E447101D6566AE00363D72 /* Build configuration list for PBXNativeTarget "jawboneUITests" */;
			buildPhases = (
				F1E446FD1D6566AE00363D72 /* Sources */,
				F1E446FE1D6566AE00363D72 /* Frameworks */,
				F1E446FF1D6566AE00363D72 /* Resources */,
			);
			buildRules = (
			);
			dependencies = (
				F1E447031D6566AE00363D72 /* PBXTargetDependency */,
			);
			name = jawboneUITests;
			productName = jawboneUITests;
			productReference = F1E447011D6566AE00363D72 /* jawboneUITests.xctest */;
			productType = "com.apple.product-type.bundle.ui-testing";
		};
/* End PBXNativeTarget section */

/* Begin PBXProject section */
		F1E446DA1D6566AE00363D72 /* Project object */ = {
			isa = PBXProject;
			attributes = {
				LastSwiftUpdateCheck = 0730;
				LastUpgradeCheck = 0730;
				ORGANIZATIONNAME = "Isaac Robinson";
				TargetAttributes = {
					F1E446E11D6566AE00363D72 = {
						CreatedOnToolsVersion = 7.3.1;
					};
					F1E446F51D6566AE00363D72 = {
						CreatedOnToolsVersion = 7.3.1;
						TestTargetID = F1E446E11D6566AE00363D72;
					};
					F1E447001D6566AE00363D72 = {
						CreatedOnToolsVersion = 7.3.1;
						TestTargetID = F1E446E11D6566AE00363D72;
					};
				};
			};
			buildConfigurationList = F1E446DD1D6566AE00363D72 /* Build configuration list for PBXProject "jawbone" */;
			compatibilityVersion = "Xcode 3.2";
			developmentRegion = English;
			hasScannedForEncodings = 0;
			knownRegions = (
				en,
				Base,
			);
			mainGroup = F1E446D91D6566AE00363D72;
			productRefGroup = F1E446E31D6566AE00363D72 /* Products */;
			projectDirPath = "";
			projectRoot = "";
			targets = (
				F1E446E11D6566AE00363D72 /* jawbone */,
				F1E446F51D6566AE00363D72 /* jawboneTests */,
				F1E447001D6566AE00363D72 /* jawboneUITests */,
			);
		};
/* End PBXProject section */

/* Begin PBXResourcesBuildPhase section */
		F1E446E01D6566AE00363D72 /* Resources */ = {
			isa = PBXResourcesBuildPhase;
			buildActionMask = 2147483647;
			files = (
				F1E446F01D6566AE00363D72 /* LaunchScreen.storyboard in Resources */,
				F1E446ED1D6566AE00363D72 /* Assets.xcassets in Resources */,
				F1E446EB1D6566AE00363D72 /* Main.storyboard in Resources */,
			);
			runOnlyForDeploymentPostprocessing = 0;
		};
		F1E446F41D6566AE00363D72 /* Resources */ = {
			isa = PBXResourcesBuildPhase;
			buildActionMask = 2147483647;
			files = (
			);
			runOnlyForDeploymentPostprocessing = 0;
		};
		F1E446FF1D6566AE00363D72 /* Resources */ = {
			isa = PBXResourcesBuildPhase;
			buildActionMask = 2147483647;
			files = (
			);
			runOnlyForDeploymentPostprocessing = 0;
		};
/* End PBXResourcesBuildPhase section */

/* Begin PBXSourcesBuildPhase section */
		F1E446DE1D6566AE00363D72 /* Sources */ = {
			isa = PBXSourcesBuildPhase;
			buildActionMask = 2147483647;
			files = (
				F1E446E81D6566AE00363D72 /* ViewController.swift in Sources */,
				F1E446E61D6566AE00363D72 /* AppDelegate.swift in Sources */,
			);
			runOnlyForDeploymentPostprocessing = 0;
		};
		F1E446F21D6566AE00363D72 /* Sources */ = {
			isa = PBXSourcesBuildPhase;
			buildActionMask = 2147483647;
			files = (
				F1E446FB1D6566AE00363D72 /* jawboneTests.swift in Sources */,
			);
			runOnlyForDeploymentPostprocessing = 0;
		};
		F1E446FD1D6566AE00363D72 /* Sources */ = {
			isa = PBXSourcesBuildPhase;
			buildActionMask = 2147483647;
			files = (
				F1E447061D6566AE00363D72 /* jawboneUITests.swift in Sources */,
			);
			runOnlyForDeploymentPostprocessing = 0;
		};
/* End PBXSourcesBuildPhase section */

/* Begin PBXTargetDependency section */
		F1E446F81D6566AE00363D72 /* PBXTargetDependency */ = {
			isa = PBXTargetDependency;
			target = F1E446E11D6566AE00363D72 /* jawbone */;
			targetProxy = F1E446F71D6566AE00363D72 /* PBXContainerItemProxy */;
		};
		F1E447031D6566AE00363D72 /* PBXTargetDependency */ = {
			isa = PBXTargetDependency;
			target = F1E446E11D6566AE00363D72 /* jawbone */;
			targetProxy = F1E447021D6566AE00363D72 /* PBXContainerItemProxy */;
		};
/* End PBXTargetDependency section */

/* Begin PBXVariantGroup section */
		F1E446E91D6566AE00363D72 /* Main.storyboard */ = {
			isa = PBXVariantGroup;
			children = (
				F1E446EA1D6566AE00363D72 /* Base */,
			);
			name = Main.storyboard;
			sourceTree = "<group>";
		};
		F1E446EE1D6566AE00363D72 /* LaunchScreen.storyboard */ = {
			isa = PBXVariantGroup;
			children = (
				F1E446EF1D6566AE00363D72 /* Base */,
			);
			name = LaunchScreen.storyboard;
			sourceTree = "<group>";
		};
/* End PBXVariantGroup section */

/* Begin XCBuildConfiguration section */
		F1E447081D6566AE00363D72 /* Debug */ = {
			isa = XCBuildConfiguration;
			buildSettings = {
				ALWAYS_SEARCH_USER_PATHS = NO;
				CLANG_ANALYZER_NONNULL = YES;
				CLANG_CXX_LANGUAGE_STANDARD = "gnu++0x";
				CLANG_CXX_LIBRARY = "libc++";
				CLANG_ENABLE_MODULES = YES;
				CLANG_ENABLE_OBJC_ARC = YES;
				CLANG_WARN_BOOL_CONVERSION = YES;
				CLANG_WARN_CONSTANT_CONVERSION = YES;
				CLANG_WARN_DIRECT_OBJC_ISA_USAGE = YES_ERROR;
				CLANG_WARN_EMPTY_BODY = YES;
				CLANG_WARN_ENUM_CONVERSION = YES;
				CLANG_WARN_INT_CONVERSION = YES;
				CLANG_WARN_OBJC_ROOT_CLASS = YES_ERROR;
				CLANG_WARN_UNREACHABLE_CODE = YES;
				CLANG_WARN__DUPLICATE_METHOD_MATCH = YES;
				"CODE_SIGN_IDENTITY[sdk=iphoneos*]" = "iPhone Developer";
				COPY_PHASE_STRIP = NO;
				DEBUG_INFORMATION_FORMAT = dwarf;
				ENABLE_STRICT_OBJC_MSGSEND = YES;
				ENABLE_TESTABILITY = YES;
				GCC_C_LANGUAGE_STANDARD = gnu99;
				GCC_DYNAMIC_NO_PIC = NO;
				GCC_NO_COMMON_BLOCKS = YES;
				GCC_OPTIMIZATION_LEVEL = 0;
				GCC_PREPROCESSOR_DEFINITIONS = (
					"DEBUG=1",
					"$(inherited)",
				);
				GCC_WARN_64_TO_32_BIT_CONVERSION = YES;
				GCC_WARN_ABOUT_RETURN_TYPE = YES_ERROR;
				GCC_WARN_UNDECLARED_SELECTOR = YES;
				GCC_WARN_UNINITIALIZED_AUTOS = YES_AGGRESSIVE;
				GCC_WARN_UNUSED_FUNCTION = YES;
				GCC_WARN_UNUSED_VARIABLE = YES;
				IPHONEOS_DEPLOYMENT_TARGET = 9.3;
				MTL_ENABLE_DEBUG_INFO = YES;
				ONLY_ACTIVE_ARCH = YES;
				SDKROOT = iphoneos;
				SWIFT_OPTIMIZATION_LEVEL = "-Onone";
				TARGETED_DEVICE_FAMILY = "1,2";
			};
			name = Debug;
		};
		F1E447091D6566AE00363D72 /* Release */ = {
			isa = XCBuildConfiguration;
			buildSettings = {
				ALWAYS_SEARCH_USER_PATHS = NO;
				CLANG_ANALYZER_NONNULL = YES;
				CLANG_CXX_LANGUAGE_STANDARD = "gnu++0x";
				CLANG_CXX_LIBRARY = "libc++";
				CLANG_ENABLE_MODULES = YES;
				CLANG_ENABLE_OBJC_ARC = YES;
				CLANG_WARN_BOOL_CONVERSION = YES;
				CLANG_WARN_CONSTANT_CONVERSION = YES;
				CLANG_WARN_DIRECT_OBJC_ISA_USAGE = YES_ERROR;
				CLANG_WARN_EMPTY_BODY = YES;
				CLANG_WARN_ENUM_CONVERSION = YES;
				CLANG_WARN_INT_CONVERSION = YES;
				CLANG_WARN_OBJC_ROOT_CLASS = YES_ERROR;
				CLANG_WARN_UNREACHABLE_CODE = YES;
				CLANG_WARN__DUPLICATE_METHOD_MATCH = YES;
				"CODE_SIGN_IDENTITY[sdk=iphoneos*]" = "iPhone Developer";
				COPY_PHASE_STRIP = NO;
				DEBUG_INFORMATION_FORMAT = "dwarf-with-dsym";
				ENABLE_NS_ASSERTIONS = NO;
				ENABLE_STRICT_OBJC_MSGSEND = YES;
				GCC_C_LANGUAGE_STANDARD = gnu99;
				GCC_NO_COMMON_BLOCKS = YES;
				GCC_WARN_64_TO_32_BIT_CONVERSION = YES;
				GCC_WARN_ABOUT_RETURN_TYPE = YES_ERROR;
				GCC_WARN_UNDECLARED_SELECTOR = YES;
				GCC_WARN_UNINITIALIZED_AUTOS = YES_AGGRESSIVE;
				GCC_WARN_UNUSED_FUNCTION = YES;
				GCC_WARN_UNUSED_VARIABLE = YES;
				IPHONEOS_DEPLOYMENT_TARGET = 9.3;
				MTL_ENABLE_DEBUG_INFO = NO;
				SDKROOT = iphoneos;
				TARGETED_DEVICE_FAMILY = "1,2";
				VALIDATE_PRODUCT = YES;
			};
			name = Release;
		};
		F1E4470B1D6566AE00363D72 /* Debug */ = {
			isa = XCBuildConfiguration;
			buildSettings = {
				ASSETCATALOG_COMPILER_APPICON_NAME = AppIcon;
				INFOPLIST_FILE = jawbone/Info.plist;
				LD_RUNPATH_SEARCH_PATHS = "$(inherited) @executable_path/Frameworks";
				PRODUCT_BUNDLE_IDENTIFIER = i.rob.jawbone;
				PRODUCT_NAME = "$(TARGET_NAME)";
			};
			name = Debug;
		};
		F1E4470C1D6566AE00363D72 /* Release */ = {
			isa = XCBuildConfiguration;
			buildSettings = {
				ASSETCATALOG_COMPILER_APPICON_NAME = AppIcon;
				INFOPLIST_FILE = jawbone/Info.plist;
				LD_RUNPATH_SEARCH_PATHS = "$(inherited) @executable_path/Frameworks";
				PRODUCT_BUNDLE_IDENTIFIER = i.rob.jawbone;
				PRODUCT_NAME = "$(TARGET_NAME)";
			};
			name = Release;
		};
		F1E4470E1D6566AE00363D72 /* Debug */ = {
			isa = XCBuildConfiguration;
			buildSettings = {
				BUNDLE_LOADER = "$(TEST_HOST)";
				INFOPLIST_FILE = jawboneTests/Info.plist;
				LD_RUNPATH_SEARCH_PATHS = "$(inherited) @executable_path/Frameworks @loader_path/Frameworks";
				PRODUCT_BUNDLE_IDENTIFIER = i.rob.jawboneTests;
				PRODUCT_NAME = "$(TARGET_NAME)";
				TEST_HOST = "$(BUILT_PRODUCTS_DIR)/jawbone.app/jawbone";
			};
			name = Debug;
		};
		F1E4470F1D6566AE00363D72 /* Release */ = {
			isa = XCBuildConfiguration;
			buildSettings = {
				BUNDLE_LOADER = "$(TEST_HOST)";
				INFOPLIST_FILE = jawboneTests/Info.plist;
				LD_RUNPATH_SEARCH_PATHS = "$(inherited) @executable_path/Frameworks @loader_path/Frameworks";
				PRODUCT_BUNDLE_IDENTIFIER = i.rob.jawboneTests;
				PRODUCT_NAME = "$(TARGET_NAME)";
				TEST_HOST = "$(BUILT_PRODUCTS_DIR)/jawbone.app/jawbone";
			};
			name = Release;
		};
		F1E447111D6566AE00363D72 /* Debug */ = {
			isa = XCBuildConfiguration;
			buildSettings = {
				INFOPLIST_FILE = jawboneUITests/Info.plist;
				LD_RUNPATH_SEARCH_PATHS = "$(inherited) @executable_path/Frameworks @loader_path/Frameworks";
				PRODUCT_BUNDLE_IDENTIFIER = i.rob.jawboneUITests;
				PRODUCT_NAME = "$(TARGET_NAME)";
				TEST_TARGET_NAME = jawbone;
			};
			name = Debug;
		};
		F1E447121D6566AE00363D72 /* Release */ = {
			isa = XCBuildConfiguration;
			buildSettings = {
				INFOPLIST_FILE = jawboneUITests/Info.plist;
				LD_RUNPATH_SEARCH_PATHS = "$(inherited) @executable_path/Frameworks @loader_path/Frameworks";
				PRODUCT_BUNDLE_IDENTIFIER = i.rob.jawboneUITests;
				PRODUCT_NAME = "$(TARGET_NAME)";
				TEST_TARGET_NAME = jawbone;
			};
			name = Release;
		};
/* End XCBuildConfiguration section */

/* Begin XCConfigurationList section */
		F1E446DD1D6566AE00363D72 /* Build configuration list for PBXProject "jawbone" */ = {
			isa = XCConfigurationList;
			buildConfigurations = (
				F1E447081D6566AE00363D72 /* Debug */,
				F1E447091D6566AE00363D72 /* Release */,
			);
			defaultConfigurationIsVisible = 0;
			defaultConfigurationName = Release;
		};
		F1E4470A1D6566AE00363D72 /* Build configuration list for PBXNativeTarget "jawbone" */ = {
			isa = XCConfigurationList;
			buildConfigurations = (
				F1E4470B1D6566AE00363D72 /* Debug */,
				F1E4470C1D6566AE00363D72 /* Release */,
			);
			defaultConfigurationIsVisible = 0;
		};
		F1E4470D1D6566AE00363D72 /* Build configuration list for PBXNativeTarget "jawboneTests" */ = {
			isa = XCConfigurationList;
			buildConfigurations = (
				F1E4470E1D6566AE00363D72 /* Debug */,
				F1E4470F1D6566AE00363D72 /* Release */,
			);
			defaultConfigurationIsVisible = 0;
		};
		F1E447101D6566AE00363D72 /* Build configuration list for PBXNativeTarget "jawboneUITests" */ = {
			isa = XCConfigurationList;
			buildConfigurations = (
				F1E447111D6566AE00363D72 /* Debug */,
				F1E447121D6566AE00363D72 /* Release */,
			);
			defaultConfigurationIsVisible = 0;
		};
/* End XCConfigurationList section */
	};
	rootObject = F1E446DA1D6566AE00363D72 /* Project object */;
}
